
Microsoft Visual Studio Solution File, Format Version 12.00
# Visual Studio Version 17
VisualStudioVersion = 17.7.34202.233
MinimumVisualStudioVersion = 10.0.40219.1
Project("{9A19103F-16F7-4668-BE54-9A1E7A4F7556}") = "Yi.Abp.Web", "src\Yi.Abp.Web\Yi.Abp.Web.csproj", "{15913E44-DA92-44B9-9AC5-E9457EA34BF5}"
EndProject
Project("{9A19103F-16F7-4668-BE54-9A1E7A4F7556}") = "Yi.Framework.SqlSugarCore", "framework\Yi.Framework.SqlSugarCore\Yi.Framework.SqlSugarCore.csproj", "{DC431ECC-C75D-4B01-8B79-4861948179BB}"
EndProject
Project("{2150E333-8FDC-42A3-9474-1A3956D46DE8}") = "src", "src", "{B782C78B-6C17-49E6-A237-3383BA720766}"
EndProject
Project("{2150E333-8FDC-42A3-9474-1A3956D46DE8}") = "test", "test", "{0D10EEF2-FBAE-4C72-B816-A52823FC299B}"
EndProject
Project("{2150E333-8FDC-42A3-9474-1A3956D46DE8}") = "framework", "framework", "{77B949E9-530E-45A5-9657-20F7D5C6875C}"
EndProject
Project("{2150E333-8FDC-42A3-9474-1A3956D46DE8}") = "module", "module", "{2317227D-7796-4E7B-BEDB-7CD1CAE7B853}"
EndProject
Project("{9A19103F-16F7-4668-BE54-9A1E7A4F7556}") = "Yi.Abp.SqlSugarCore", "src\Yi.Abp.SqlSugarCore\Yi.Abp.SqlSugarCore.csproj", "{9A7BBA40-28D6-4900-9E1D-D627A516EE72}"
EndProject
Project("{9A19103F-16F7-4668-BE54-9A1E7A4F7556}") = "Yi.Abp.Application", "src\Yi.Abp.Application\Yi.Abp.Application.csproj", "{746DBBD6-23E8-4D5D-9D23-E2902BE338BD}"
EndProject
Project("{9A19103F-16F7-4668-BE54-9A1E7A4F7556}") = "Yi.Abp.Application.Contracts", "src\Yi.Abp.Application.Contracts\Yi.Abp.Application.Contracts.csproj", "{51EEBF59-3D37-4681-981D-56F8D8F8968D}"
EndProject
Project("{9A19103F-16F7-4668-BE54-9A1E7A4F7556}") = "Yi.Abp.Domain", "src\Yi.Abp.Domain\Yi.Abp.Domain.csproj", "{7B15C198-538A-44ED-A6AA-3A0FEAA1D2BD}"
EndProject
Project("{9A19103F-16F7-4668-BE54-9A1E7A4F7556}") = "Yi.Abp.Domain.Shared", "src\Yi.Abp.Domain.Shared\Yi.Abp.Domain.Shared.csproj", "{F4D5A496-BFBE-470B-A05B-CB5823B47E72}"
EndProject
Project("{2150E333-8FDC-42A3-9474-1A3956D46DE8}") = "Solution Items", "Solution Items", "{6A5375C6-1D55-4E93-9B19-736F1C68CBC3}"
	ProjectSection(SolutionItems) = preProject
		common.props = common.props
		end.sh = end.sh
		start.sh = start.sh
	EndProjectSection
EndProject
Project("{9A19103F-16F7-4668-BE54-9A1E7A4F7556}") = "Yi.Framework.SqlSugarCore.Abstractions", "framework\Yi.Framework.SqlSugarCore.Abstractions\Yi.Framework.SqlSugarCore.Abstractions.csproj", "{FD6D6860-3753-4747-8A26-977E4A3001F9}"
EndProject
Project("{9A19103F-16F7-4668-BE54-9A1E7A4F7556}") = "Yi.Framework.Core", "framework\Yi.Framework.Core\Yi.Framework.Core.csproj", "{ECE874D4-F882-4EF4-84A6-A842D9B8FBC5}"
EndProject
Project("{9A19103F-16F7-4668-BE54-9A1E7A4F7556}") = "Yi.Framework.Mapster", "framework\Yi.Framework.Mapster\Yi.Framework.Mapster.csproj", "{1995A019-C8AE-467E-B427-ED57D6CBF44F}"
EndProject
Project("{9A19103F-16F7-4668-BE54-9A1E7A4F7556}") = "Yi.Framework.AspNetCore", "framework\Yi.Framework.AspNetCore\Yi.Framework.AspNetCore.csproj", "{F5011C0D-209B-4A98-BBE3-68157503EEF8}"
EndProject
Project("{9A19103F-16F7-4668-BE54-9A1E7A4F7556}") = "Yi.Framework.Ddd.Application.Contracts", "framework\Yi.Framework.Ddd.Application.Contracts\Yi.Framework.Ddd.Application.Contracts.csproj", "{0A8296A3-C11F-4F13-8E49-6BC8188D4804}"
EndProject
Project("{9A19103F-16F7-4668-BE54-9A1E7A4F7556}") = "Yi.Framework.Ddd.Application", "framework\Yi.Framework.Ddd.Application\Yi.Framework.Ddd.Application.csproj", "{F0141C17-0EBD-4261-98D5-1C5B7BC1DFEE}"
EndProject
Project("{2150E333-8FDC-42A3-9474-1A3956D46DE8}") = "rbac", "rbac", "{9CC7A457-1236-40BA-B47B-E7B710A3F061}"
EndProject
Project("{9A19103F-16F7-4668-BE54-9A1E7A4F7556}") = "Yi.Framework.Rbac.Application.Contracts", "module\rbac\Yi.Framework.Rbac.Application.Contracts\Yi.Framework.Rbac.Application.Contracts.csproj", "{1C360956-8CD8-407E-B87F-D0BD57068EB9}"
EndProject
Project("{9A19103F-16F7-4668-BE54-9A1E7A4F7556}") = "Yi.Framework.Rbac.Application", "module\rbac\Yi.Framework.Rbac.Application\Yi.Framework.Rbac.Application.csproj", "{4F02B08D-5FE2-460D-BCA5-DA565151AE30}"
EndProject
Project("{9A19103F-16F7-4668-BE54-9A1E7A4F7556}") = "Yi.Framework.Rbac.Domain", "module\rbac\Yi.Framework.Rbac.Domain\Yi.Framework.Rbac.Domain.csproj", "{C04D3F71-1557-46D0-B810-97B1FBB6AB73}"
EndProject
Project("{9A19103F-16F7-4668-BE54-9A1E7A4F7556}") = "Yi.Framework.Rbac.Domain.Shared", "module\rbac\Yi.Framework.Rbac.Domain.Shared\Yi.Framework.Rbac.Domain.Shared.csproj", "{A2BB899D-4F9A-4184-81BD-94B938E2AB03}"
EndProject
Project("{9A19103F-16F7-4668-BE54-9A1E7A4F7556}") = "Yi.Framework.Rbac.SqlSugarCore", "module\rbac\Yi.Framework.Rbac.SqlSugarCore\Yi.Framework.Rbac.SqlSugarCore.csproj", "{4503A2F9-139D-4CBC-AF11-689C34F0D77B}"
EndProject
Project("{2150E333-8FDC-42A3-9474-1A3956D46DE8}") = "bbs", "bbs", "{E902A945-4F41-4E96-A0DA-9F66CDA22261}"
EndProject
Project("{9A19103F-16F7-4668-BE54-9A1E7A4F7556}") = "Yi.Framework.Bbs.Domain.Shared", "module\bbs\Yi.Framework.Bbs.Domain.Shared\Yi.Framework.Bbs.Domain.Shared.csproj", "{EB9349E2-256D-41EB-A345-21635A1361B3}"
EndProject
Project("{9A19103F-16F7-4668-BE54-9A1E7A4F7556}") = "Yi.Framework.Bbs.Domain", "module\bbs\Yi.Framework.Bbs.Domain\Yi.Framework.Bbs.Domain.csproj", "{4EABBC84-BCED-46C1-8CF1-62A7B8081ED7}"
EndProject
Project("{9A19103F-16F7-4668-BE54-9A1E7A4F7556}") = "Yi.Framework.Bbs.Application.Contracts", "module\bbs\Yi.Framework.Bbs.Application.Contracts\Yi.Framework.Bbs.Application.Contracts.csproj", "{7E569FD9-B1AB-4848-8AB7-FD9EFA1DBA20}"
EndProject
Project("{9A19103F-16F7-4668-BE54-9A1E7A4F7556}") = "Yi.Framework.Bbs.Application", "module\bbs\Yi.Framework.Bbs.Application\Yi.Framework.Bbs.Application.csproj", "{AD4EE9E6-F4A3-4139-AF05-71388167DE5B}"
EndProject
Project("{9A19103F-16F7-4668-BE54-9A1E7A4F7556}") = "Yi.Framework.Bbs.SqlSugarCore", "module\bbs\Yi.Framework.Bbs.SqlSugarCore\Yi.Framework.Bbs.SqlSugarCore.csproj", "{6C86BA71-9F87-4E2C-B467-2950D77DCDFA}"
EndProject
Project("{2150E333-8FDC-42A3-9474-1A3956D46DE8}") = "audit-logging", "audit-logging", "{73CCF2C4-B9FD-44AB-8D4B-0A421805B094}"
EndProject
Project("{FAE04EC0-301F-11D3-BF4B-00C04F79EFBC}") = "Yi.AuditLogging.SqlSugarCore", "module\audit-logging\Yi.AuditLogging.SqlSugarCore\Yi.AuditLogging.SqlSugarCore.csproj", "{48806510-8E18-4E1E-9BAF-5B97E88C5FC3}"
EndProject
Global
	GlobalSection(SolutionConfigurationPlatforms) = preSolution
		Debug|Any CPU = Debug|Any CPU
		Release|Any CPU = Release|Any CPU
	EndGlobalSection
	GlobalSection(ProjectConfigurationPlatforms) = postSolution
		{15913E44-DA92-44B9-9AC5-E9457EA34BF5}.Debug|Any CPU.ActiveCfg = Debug|Any CPU
		{15913E44-DA92-44B9-9AC5-E9457EA34BF5}.Debug|Any CPU.Build.0 = Debug|Any CPU
		{15913E44-DA92-44B9-9AC5-E9457EA34BF5}.Release|Any CPU.ActiveCfg = Release|Any CPU
		{15913E44-DA92-44B9-9AC5-E9457EA34BF5}.Release|Any CPU.Build.0 = Release|Any CPU
		{DC431ECC-C75D-4B01-8B79-4861948179BB}.Debug|Any CPU.ActiveCfg = Debug|Any CPU
		{DC431ECC-C75D-4B01-8B79-4861948179BB}.Debug|Any CPU.Build.0 = Debug|Any CPU
		{DC431ECC-C75D-4B01-8B79-4861948179BB}.Release|Any CPU.ActiveCfg = Release|Any CPU
		{DC431ECC-C75D-4B01-8B79-4861948179BB}.Release|Any CPU.Build.0 = Release|Any CPU
		{9A7BBA40-28D6-4900-9E1D-D627A516EE72}.Debug|Any CPU.ActiveCfg = Debug|Any CPU
		{9A7BBA40-28D6-4900-9E1D-D627A516EE72}.Debug|Any CPU.Build.0 = Debug|Any CPU
		{9A7BBA40-28D6-4900-9E1D-D627A516EE72}.Release|Any CPU.ActiveCfg = Release|Any CPU
		{9A7BBA40-28D6-4900-9E1D-D627A516EE72}.Release|Any CPU.Build.0 = Release|Any CPU
		{746DBBD6-23E8-4D5D-9D23-E2902BE338BD}.Debug|Any CPU.ActiveCfg = Debug|Any CPU
		{746DBBD6-23E8-4D5D-9D23-E2902BE338BD}.Debug|Any CPU.Build.0 = Debug|Any CPU
		{746DBBD6-23E8-4D5D-9D23-E2902BE338BD}.Release|Any CPU.ActiveCfg = Release|Any CPU
		{746DBBD6-23E8-4D5D-9D23-E2902BE338BD}.Release|Any CPU.Build.0 = Release|Any CPU
		{51EEBF59-3D37-4681-981D-56F8D8F8968D}.Debug|Any CPU.ActiveCfg = Debug|Any CPU
		{51EEBF59-3D37-4681-981D-56F8D8F8968D}.Debug|Any CPU.Build.0 = Debug|Any CPU
		{51EEBF59-3D37-4681-981D-56F8D8F8968D}.Release|Any CPU.ActiveCfg = Release|Any CPU
		{51EEBF59-3D37-4681-981D-56F8D8F8968D}.Release|Any CPU.Build.0 = Release|Any CPU
		{7B15C198-538A-44ED-A6AA-3A0FEAA1D2BD}.Debug|Any CPU.ActiveCfg = Debug|Any CPU
		{7B15C198-538A-44ED-A6AA-3A0FEAA1D2BD}.Debug|Any CPU.Build.0 = Debug|Any CPU
		{7B15C198-538A-44ED-A6AA-3A0FEAA1D2BD}.Release|Any CPU.ActiveCfg = Release|Any CPU
		{7B15C198-538A-44ED-A6AA-3A0FEAA1D2BD}.Release|Any CPU.Build.0 = Release|Any CPU
		{F4D5A496-BFBE-470B-A05B-CB5823B47E72}.Debug|Any CPU.ActiveCfg = Debug|Any CPU
		{F4D5A496-BFBE-470B-A05B-CB5823B47E72}.Debug|Any CPU.Build.0 = Debug|Any CPU
		{F4D5A496-BFBE-470B-A05B-CB5823B47E72}.Release|Any CPU.ActiveCfg = Release|Any CPU
		{F4D5A496-BFBE-470B-A05B-CB5823B47E72}.Release|Any CPU.Build.0 = Release|Any CPU
		{FD6D6860-3753-4747-8A26-977E4A3001F9}.Debug|Any CPU.ActiveCfg = Debug|Any CPU
		{FD6D6860-3753-4747-8A26-977E4A3001F9}.Debug|Any CPU.Build.0 = Debug|Any CPU
		{FD6D6860-3753-4747-8A26-977E4A3001F9}.Release|Any CPU.ActiveCfg = Release|Any CPU
		{FD6D6860-3753-4747-8A26-977E4A3001F9}.Release|Any CPU.Build.0 = Release|Any CPU
		{ECE874D4-F882-4EF4-84A6-A842D9B8FBC5}.Debug|Any CPU.ActiveCfg = Debug|Any CPU
		{ECE874D4-F882-4EF4-84A6-A842D9B8FBC5}.Debug|Any CPU.Build.0 = Debug|Any CPU
		{ECE874D4-F882-4EF4-84A6-A842D9B8FBC5}.Release|Any CPU.ActiveCfg = Release|Any CPU
		{ECE874D4-F882-4EF4-84A6-A842D9B8FBC5}.Release|Any CPU.Build.0 = Release|Any CPU
		{1995A019-C8AE-467E-B427-ED57D6CBF44F}.Debug|Any CPU.ActiveCfg = Debug|Any CPU
		{1995A019-C8AE-467E-B427-ED57D6CBF44F}.Debug|Any CPU.Build.0 = Debug|Any CPU
		{1995A019-C8AE-467E-B427-ED57D6CBF44F}.Release|Any CPU.ActiveCfg = Release|Any CPU
		{1995A019-C8AE-467E-B427-ED57D6CBF44F}.Release|Any CPU.Build.0 = Release|Any CPU
		{F5011C0D-209B-4A98-BBE3-68157503EEF8}.Debug|Any CPU.ActiveCfg = Debug|Any CPU
		{F5011C0D-209B-4A98-BBE3-68157503EEF8}.Debug|Any CPU.Build.0 = Debug|Any CPU
		{F5011C0D-209B-4A98-BBE3-68157503EEF8}.Release|Any CPU.ActiveCfg = Release|Any CPU
		{F5011C0D-209B-4A98-BBE3-68157503EEF8}.Release|Any CPU.Build.0 = Release|Any CPU
		{0A8296A3-C11F-4F13-8E49-6BC8188D4804}.Debug|Any CPU.ActiveCfg = Debug|Any CPU
		{0A8296A3-C11F-4F13-8E49-6BC8188D4804}.Debug|Any CPU.Build.0 = Debug|Any CPU
		{0A8296A3-C11F-4F13-8E49-6BC8188D4804}.Release|Any CPU.ActiveCfg = Release|Any CPU
		{0A8296A3-C11F-4F13-8E49-6BC8188D4804}.Release|Any CPU.Build.0 = Release|Any CPU
		{F0141C17-0EBD-4261-98D5-1C5B7BC1DFEE}.Debug|Any CPU.ActiveCfg = Debug|Any CPU
		{F0141C17-0EBD-4261-98D5-1C5B7BC1DFEE}.Debug|Any CPU.Build.0 = Debug|Any CPU
		{F0141C17-0EBD-4261-98D5-1C5B7BC1DFEE}.Release|Any CPU.ActiveCfg = Release|Any CPU
		{F0141C17-0EBD-4261-98D5-1C5B7BC1DFEE}.Release|Any CPU.Build.0 = Release|Any CPU
		{1C360956-8CD8-407E-B87F-D0BD57068EB9}.Debug|Any CPU.ActiveCfg = Debug|Any CPU
		{1C360956-8CD8-407E-B87F-D0BD57068EB9}.Debug|Any CPU.Build.0 = Debug|Any CPU
		{1C360956-8CD8-407E-B87F-D0BD57068EB9}.Release|Any CPU.ActiveCfg = Release|Any CPU
		{1C360956-8CD8-407E-B87F-D0BD57068EB9}.Release|Any CPU.Build.0 = Release|Any CPU
		{4F02B08D-5FE2-460D-BCA5-DA565151AE30}.Debug|Any CPU.ActiveCfg = Debug|Any CPU
		{4F02B08D-5FE2-460D-BCA5-DA565151AE30}.Debug|Any CPU.Build.0 = Debug|Any CPU
		{4F02B08D-5FE2-460D-BCA5-DA565151AE30}.Release|Any CPU.ActiveCfg = Release|Any CPU
		{4F02B08D-5FE2-460D-BCA5-DA565151AE30}.Release|Any CPU.Build.0 = Release|Any CPU
		{C04D3F71-1557-46D0-B810-97B1FBB6AB73}.Debug|Any CPU.ActiveCfg = Debug|Any CPU
		{C04D3F71-1557-46D0-B810-97B1FBB6AB73}.Debug|Any CPU.Build.0 = Debug|Any CPU
		{C04D3F71-1557-46D0-B810-97B1FBB6AB73}.Release|Any CPU.ActiveCfg = Release|Any CPU
		{C04D3F71-1557-46D0-B810-97B1FBB6AB73}.Release|Any CPU.Build.0 = Release|Any CPU
		{A2BB899D-4F9A-4184-81BD-94B938E2AB03}.Debug|Any CPU.ActiveCfg = Debug|Any CPU
		{A2BB899D-4F9A-4184-81BD-94B938E2AB03}.Debug|Any CPU.Build.0 = Debug|Any CPU
		{A2BB899D-4F9A-4184-81BD-94B938E2AB03}.Release|Any CPU.ActiveCfg = Release|Any CPU
		{A2BB899D-4F9A-4184-81BD-94B938E2AB03}.Release|Any CPU.Build.0 = Release|Any CPU
		{4503A2F9-139D-4CBC-AF11-689C34F0D77B}.Debug|Any CPU.ActiveCfg = Debug|Any CPU
		{4503A2F9-139D-4CBC-AF11-689C34F0D77B}.Debug|Any CPU.Build.0 = Debug|Any CPU
		{4503A2F9-139D-4CBC-AF11-689C34F0D77B}.Release|Any CPU.ActiveCfg = Release|Any CPU
		{4503A2F9-139D-4CBC-AF11-689C34F0D77B}.Release|Any CPU.Build.0 = Release|Any CPU
		{EB9349E2-256D-41EB-A345-21635A1361B3}.Debug|Any CPU.ActiveCfg = Debug|Any CPU
		{EB9349E2-256D-41EB-A345-21635A1361B3}.Debug|Any CPU.Build.0 = Debug|Any CPU
		{EB9349E2-256D-41EB-A345-21635A1361B3}.Release|Any CPU.ActiveCfg = Release|Any CPU
		{EB9349E2-256D-41EB-A345-21635A1361B3}.Release|Any CPU.Build.0 = Release|Any CPU
		{4EABBC84-BCED-46C1-8CF1-62A7B8081ED7}.Debug|Any CPU.ActiveCfg = Debug|Any CPU
		{4EABBC84-BCED-46C1-8CF1-62A7B8081ED7}.Debug|Any CPU.Build.0 = Debug|Any CPU
		{4EABBC84-BCED-46C1-8CF1-62A7B8081ED7}.Release|Any CPU.ActiveCfg = Release|Any CPU
		{4EABBC84-BCED-46C1-8CF1-62A7B8081ED7}.Release|Any CPU.Build.0 = Release|Any CPU
		{7E569FD9-B1AB-4848-8AB7-FD9EFA1DBA20}.Debug|Any CPU.ActiveCfg = Debug|Any CPU
		{7E569FD9-B1AB-4848-8AB7-FD9EFA1DBA20}.Debug|Any CPU.Build.0 = Debug|Any CPU
		{7E569FD9-B1AB-4848-8AB7-FD9EFA1DBA20}.Release|Any CPU.ActiveCfg = Release|Any CPU
		{7E569FD9-B1AB-4848-8AB7-FD9EFA1DBA20}.Release|Any CPU.Build.0 = Release|Any CPU
		{AD4EE9E6-F4A3-4139-AF05-71388167DE5B}.Debug|Any CPU.ActiveCfg = Debug|Any CPU
		{AD4EE9E6-F4A3-4139-AF05-71388167DE5B}.Debug|Any CPU.Build.0 = Debug|Any CPU
		{AD4EE9E6-F4A3-4139-AF05-71388167DE5B}.Release|Any CPU.ActiveCfg = Release|Any CPU
		{AD4EE9E6-F4A3-4139-AF05-71388167DE5B}.Release|Any CPU.Build.0 = Release|Any CPU
		{6C86BA71-9F87-4E2C-B467-2950D77DCDFA}.Debug|Any CPU.ActiveCfg = Debug|Any CPU
		{6C86BA71-9F87-4E2C-B467-2950D77DCDFA}.Debug|Any CPU.Build.0 = Debug|Any CPU
		{6C86BA71-9F87-4E2C-B467-2950D77DCDFA}.Release|Any CPU.ActiveCfg = Release|Any CPU
		{6C86BA71-9F87-4E2C-B467-2950D77DCDFA}.Release|Any CPU.Build.0 = Release|Any CPU
		{48806510-8E18-4E1E-9BAF-5B97E88C5FC3}.Debug|Any CPU.ActiveCfg = Debug|Any CPU
		{48806510-8E18-4E1E-9BAF-5B97E88C5FC3}.Debug|Any CPU.Build.0 = Debug|Any CPU
		{48806510-8E18-4E1E-9BAF-5B97E88C5FC3}.Release|Any CPU.ActiveCfg = Release|Any CPU
		{48806510-8E18-4E1E-9BAF-5B97E88C5FC3}.Release|Any CPU.Build.0 = Release|Any CPU
	EndGlobalSection
	GlobalSection(SolutionProperties) = preSolution
		HideSolutionNode = FALSE
	EndGlobalSection
	GlobalSection(NestedProjects) = preSolution
		{15913E44-DA92-44B9-9AC5-E9457EA34BF5} = {B782C78B-6C17-49E6-A237-3383BA720766}
		{DC431ECC-C75D-4B01-8B79-4861948179BB} = {77B949E9-530E-45A5-9657-20F7D5C6875C}
		{9A7BBA40-28D6-4900-9E1D-D627A516EE72} = {B782C78B-6C17-49E6-A237-3383BA720766}
		{746DBBD6-23E8-4D5D-9D23-E2902BE338BD} = {B782C78B-6C17-49E6-A237-3383BA720766}
		{51EEBF59-3D37-4681-981D-56F8D8F8968D} = {B782C78B-6C17-49E6-A237-3383BA720766}
		{7B15C198-538A-44ED-A6AA-3A0FEAA1D2BD} = {B782C78B-6C17-49E6-A237-3383BA720766}
		{F4D5A496-BFBE-470B-A05B-CB5823B47E72} = {B782C78B-6C17-49E6-A237-3383BA720766}
		{FD6D6860-3753-4747-8A26-977E4A3001F9} = {77B949E9-530E-45A5-9657-20F7D5C6875C}
		{ECE874D4-F882-4EF4-84A6-A842D9B8FBC5} = {77B949E9-530E-45A5-9657-20F7D5C6875C}
		{1995A019-C8AE-467E-B427-ED57D6CBF44F} = {77B949E9-530E-45A5-9657-20F7D5C6875C}
		{F5011C0D-209B-4A98-BBE3-68157503EEF8} = {77B949E9-530E-45A5-9657-20F7D5C6875C}
		{0A8296A3-C11F-4F13-8E49-6BC8188D4804} = {77B949E9-530E-45A5-9657-20F7D5C6875C}
		{F0141C17-0EBD-4261-98D5-1C5B7BC1DFEE} = {77B949E9-530E-45A5-9657-20F7D5C6875C}
		{9CC7A457-1236-40BA-B47B-E7B710A3F061} = {2317227D-7796-4E7B-BEDB-7CD1CAE7B853}
		{1C360956-8CD8-407E-B87F-D0BD57068EB9} = {9CC7A457-1236-40BA-B47B-E7B710A3F061}
		{4F02B08D-5FE2-460D-BCA5-DA565151AE30} = {9CC7A457-1236-40BA-B47B-E7B710A3F061}
		{C04D3F71-1557-46D0-B810-97B1FBB6AB73} = {9CC7A457-1236-40BA-B47B-E7B710A3F061}
		{A2BB899D-4F9A-4184-81BD-94B938E2AB03} = {9CC7A457-1236-40BA-B47B-E7B710A3F061}
		{4503A2F9-139D-4CBC-AF11-689C34F0D77B} = {9CC7A457-1236-40BA-B47B-E7B710A3F061}
		{E902A945-4F41-4E96-A0DA-9F66CDA22261} = {2317227D-7796-4E7B-BEDB-7CD1CAE7B853}
		{EB9349E2-256D-41EB-A345-21635A1361B3} = {E902A945-4F41-4E96-A0DA-9F66CDA22261}
		{4EABBC84-BCED-46C1-8CF1-62A7B8081ED7} = {E902A945-4F41-4E96-A0DA-9F66CDA22261}
		{7E569FD9-B1AB-4848-8AB7-FD9EFA1DBA20} = {E902A945-4F41-4E96-A0DA-9F66CDA22261}
		{AD4EE9E6-F4A3-4139-AF05-71388167DE5B} = {E902A945-4F41-4E96-A0DA-9F66CDA22261}
		{6C86BA71-9F87-4E2C-B467-2950D77DCDFA} = {E902A945-4F41-4E96-A0DA-9F66CDA22261}
		{73CCF2C4-B9FD-44AB-8D4B-0A421805B094} = {2317227D-7796-4E7B-BEDB-7CD1CAE7B853}
		{48806510-8E18-4E1E-9BAF-5B97E88C5FC3} = {73CCF2C4-B9FD-44AB-8D4B-0A421805B094}
	EndGlobalSection
	GlobalSection(ExtensibilityGlobals) = postSolution
		SolutionGuid = {23D6FBC9-C970-4641-BC1E-2AEA59F51C18}
	EndGlobalSection
EndGlobal
