
Microsoft Visual Studio Solution File, Format Version 12.00
# Visual Studio Version 17
VisualStudioVersion = 17.7.34202.233
MinimumVisualStudioVersion = 10.0.40219.1
Project("{9A19103F-16F7-4668-BE54-9A1E7A4F7556}") = "Yi.Abp.Web", "src\Yi.Abp.Web\Yi.Abp.Web.csproj", "{15913E44-DA92-44B9-9AC5-E9457EA34BF5}"
EndProject
Project("{9A19103F-16F7-4668-BE54-9A1E7A4F7556}") = "Yi.Framework.SqlSugarCore", "framework\Yi.Framework.SqlSugarCore\Yi.Framework.SqlSugarCore.csproj", "{DC431ECC-C75D-4B01-8B79-4861948179BB}"
EndProject
Project("{2150E333-8FDC-42A3-9474-1A3956D46DE8}") = "src", "src", "{B782C78B-6C17-49E6-A237-3383BA720766}"
EndProject
Project("{2150E333-8FDC-42A3-9474-1A3956D46DE8}") = "test", "test", "{0D10EEF2-FBAE-4C72-B816-A52823FC299B}"
EndProject
Project("{2150E333-8FDC-42A3-9474-1A3956D46DE8}") = "framework", "framework", "{77B949E9-530E-45A5-9657-20F7D5C6875C}"
EndProject
Project("{2150E333-8FDC-42A3-9474-1A3956D46DE8}") = "module", "module", "{2317227D-7796-4E7B-BEDB-7CD1CAE7B853}"
EndProject
Project("{9A19103F-16F7-4668-BE54-9A1E7A4F7556}") = "Yi.Abp.SqlSugarCore", "src\Yi.Abp.SqlSugarCore\Yi.Abp.SqlSugarCore.csproj", "{9A7BBA40-28D6-4900-9E1D-D627A516EE72}"
EndProject
Project("{9A19103F-16F7-4668-BE54-9A1E7A4F7556}") = "Yi.Abp.Application", "src\Yi.Abp.Application\Yi.Abp.Application.csproj", "{746DBBD6-23E8-4D5D-9D23-E2902BE338BD}"
EndProject
Project("{9A19103F-16F7-4668-BE54-9A1E7A4F7556}") = "Yi.Abp.Application.Contracts", "src\Yi.Abp.Application.Contracts\Yi.Abp.Application.Contracts.csproj", "{51EEBF59-3D37-4681-981D-56F8D8F8968D}"
EndProject
Project("{9A19103F-16F7-4668-BE54-9A1E7A4F7556}") = "Yi.Abp.Domain", "src\Yi.Abp.Domain\Yi.Abp.Domain.csproj", "{7B15C198-538A-44ED-A6AA-3A0FEAA1D2BD}"
EndProject
Project("{9A19103F-16F7-4668-BE54-9A1E7A4F7556}") = "Yi.Abp.Domain.Shared", "src\Yi.Abp.Domain.Shared\Yi.Abp.Domain.Shared.csproj", "{F4D5A496-BFBE-470B-A05B-CB5823B47E72}"
EndProject
Project("{2150E333-8FDC-42A3-9474-1A3956D46DE8}") = "Solution Items", "Solution Items", "{6A5375C6-1D55-4E93-9B19-736F1C68CBC3}"
	ProjectSection(SolutionItems) = preProject
		common.props = common.props
		end.sh = end.sh
		logo.png = logo.png
		start.sh = start.sh
		tool.bat = tool.bat
		usings.props = usings.props
		version.props = version.props
		publish.bat = publish.bat
	EndProjectSection
EndProject
Project("{9A19103F-16F7-4668-BE54-9A1E7A4F7556}") = "Yi.Framework.SqlSugarCore.Abstractions", "framework\Yi.Framework.SqlSugarCore.Abstractions\Yi.Framework.SqlSugarCore.Abstractions.csproj", "{FD6D6860-3753-4747-8A26-977E4A3001F9}"
EndProject
Project("{9A19103F-16F7-4668-BE54-9A1E7A4F7556}") = "Yi.Framework.Core", "framework\Yi.Framework.Core\Yi.Framework.Core.csproj", "{ECE874D4-F882-4EF4-84A6-A842D9B8FBC5}"
EndProject
Project("{9A19103F-16F7-4668-BE54-9A1E7A4F7556}") = "Yi.Framework.Mapster", "framework\Yi.Framework.Mapster\Yi.Framework.Mapster.csproj", "{1995A019-C8AE-467E-B427-ED57D6CBF44F}"
EndProject
Project("{9A19103F-16F7-4668-BE54-9A1E7A4F7556}") = "Yi.Framework.AspNetCore", "framework\Yi.Framework.AspNetCore\Yi.Framework.AspNetCore.csproj", "{F5011C0D-209B-4A98-BBE3-68157503EEF8}"
EndProject
Project("{9A19103F-16F7-4668-BE54-9A1E7A4F7556}") = "Yi.Framework.Ddd.Application.Contracts", "framework\Yi.Framework.Ddd.Application.Contracts\Yi.Framework.Ddd.Application.Contracts.csproj", "{0A8296A3-C11F-4F13-8E49-6BC8188D4804}"
EndProject
Project("{9A19103F-16F7-4668-BE54-9A1E7A4F7556}") = "Yi.Framework.Ddd.Application", "framework\Yi.Framework.Ddd.Application\Yi.Framework.Ddd.Application.csproj", "{F0141C17-0EBD-4261-98D5-1C5B7BC1DFEE}"
EndProject
Project("{2150E333-8FDC-42A3-9474-1A3956D46DE8}") = "rbac", "rbac", "{9CC7A457-1236-40BA-B47B-E7B710A3F061}"
EndProject
Project("{9A19103F-16F7-4668-BE54-9A1E7A4F7556}") = "Yi.Framework.Rbac.Application.Contracts", "module\rbac\Yi.Framework.Rbac.Application.Contracts\Yi.Framework.Rbac.Application.Contracts.csproj", "{1C360956-8CD8-407E-B87F-D0BD57068EB9}"
EndProject
Project("{9A19103F-16F7-4668-BE54-9A1E7A4F7556}") = "Yi.Framework.Rbac.Application", "module\rbac\Yi.Framework.Rbac.Application\Yi.Framework.Rbac.Application.csproj", "{4F02B08D-5FE2-460D-BCA5-DA565151AE30}"
EndProject
Project("{9A19103F-16F7-4668-BE54-9A1E7A4F7556}") = "Yi.Framework.Rbac.Domain", "module\rbac\Yi.Framework.Rbac.Domain\Yi.Framework.Rbac.Domain.csproj", "{C04D3F71-1557-46D0-B810-97B1FBB6AB73}"
EndProject
Project("{9A19103F-16F7-4668-BE54-9A1E7A4F7556}") = "Yi.Framework.Rbac.Domain.Shared", "module\rbac\Yi.Framework.Rbac.Domain.Shared\Yi.Framework.Rbac.Domain.Shared.csproj", "{A2BB899D-4F9A-4184-81BD-94B938E2AB03}"
EndProject
Project("{9A19103F-16F7-4668-BE54-9A1E7A4F7556}") = "Yi.Framework.Rbac.SqlSugarCore", "module\rbac\Yi.Framework.Rbac.SqlSugarCore\Yi.Framework.Rbac.SqlSugarCore.csproj", "{4503A2F9-139D-4CBC-AF11-689C34F0D77B}"
EndProject
Project("{2150E333-8FDC-42A3-9474-1A3956D46DE8}") = "bbs", "bbs", "{E902A945-4F41-4E96-A0DA-9F66CDA22261}"
EndProject
Project("{9A19103F-16F7-4668-BE54-9A1E7A4F7556}") = "Yi.Framework.Bbs.Domain.Shared", "module\bbs\Yi.Framework.Bbs.Domain.Shared\Yi.Framework.Bbs.Domain.Shared.csproj", "{EB9349E2-256D-41EB-A345-21635A1361B3}"
EndProject
Project("{9A19103F-16F7-4668-BE54-9A1E7A4F7556}") = "Yi.Framework.Bbs.Domain", "module\bbs\Yi.Framework.Bbs.Domain\Yi.Framework.Bbs.Domain.csproj", "{4EABBC84-BCED-46C1-8CF1-62A7B8081ED7}"
EndProject
Project("{9A19103F-16F7-4668-BE54-9A1E7A4F7556}") = "Yi.Framework.Bbs.Application.Contracts", "module\bbs\Yi.Framework.Bbs.Application.Contracts\Yi.Framework.Bbs.Application.Contracts.csproj", "{7E569FD9-B1AB-4848-8AB7-FD9EFA1DBA20}"
EndProject
Project("{9A19103F-16F7-4668-BE54-9A1E7A4F7556}") = "Yi.Framework.Bbs.Application", "module\bbs\Yi.Framework.Bbs.Application\Yi.Framework.Bbs.Application.csproj", "{AD4EE9E6-F4A3-4139-AF05-71388167DE5B}"
EndProject
Project("{9A19103F-16F7-4668-BE54-9A1E7A4F7556}") = "Yi.Framework.Bbs.SqlSugarCore", "module\bbs\Yi.Framework.Bbs.SqlSugarCore\Yi.Framework.Bbs.SqlSugarCore.csproj", "{6C86BA71-9F87-4E2C-B467-2950D77DCDFA}"
EndProject
Project("{2150E333-8FDC-42A3-9474-1A3956D46DE8}") = "audit-logging", "audit-logging", "{73CCF2C4-B9FD-44AB-8D4B-0A421805B094}"
EndProject
Project("{9A19103F-16F7-4668-BE54-9A1E7A4F7556}") = "Yi.Framework.AuditLogging.SqlSugarCore", "module\audit-logging\Yi.Framework.AuditLogging.SqlSugarCore\Yi.Framework.AuditLogging.SqlSugarCore.csproj", "{48806510-8E18-4E1E-9BAF-5B97E88C5FC3}"
EndProject
Project("{9A19103F-16F7-4668-BE54-9A1E7A4F7556}") = "Yi.Framework.AspNetCore.Authentication.OAuth", "framework\Yi.Framework.AspNetCore.Authentication.OAuth\Yi.Framework.AspNetCore.Authentication.OAuth.csproj", "{791AC2FA-50D3-4408-8D68-31DA72F608BE}"
EndProject
Project("{2150E333-8FDC-42A3-9474-1A3956D46DE8}") = "sample", "sample", "{01300F0F-686E-47B3-821D-12424177867B}"
EndProject
Project("{9A19103F-16F7-4668-BE54-9A1E7A4F7556}") = "Acme.BookStore.Web", "sample\Acme.BookStore.Web\Acme.BookStore.Web.csproj", "{576DBC97-4E5D-4444-B65C-F41649A5F8E0}"
EndProject
Project("{9A19103F-16F7-4668-BE54-9A1E7A4F7556}") = "Acme.BookStore.Domain.Shared", "sample\Acme.BookStore.Domain.Shared\Acme.BookStore.Domain.Shared.csproj", "{D7F8BD42-F6A2-4F0A-9212-391B5185A99D}"
EndProject
Project("{9A19103F-16F7-4668-BE54-9A1E7A4F7556}") = "Acme.BookStore.Domain", "sample\Acme.BookStore.Domain\Acme.BookStore.Domain.csproj", "{B615847F-8568-41D1-8B7E-63D61AE69F3D}"
EndProject
Project("{9A19103F-16F7-4668-BE54-9A1E7A4F7556}") = "Acme.BookStore.Application.Contracts", "sample\Acme.BookStore.Application.Contracts\Acme.BookStore.Application.Contracts.csproj", "{20827DB5-5CDE-491A-82E8-3CAB82618C1E}"
EndProject
Project("{9A19103F-16F7-4668-BE54-9A1E7A4F7556}") = "Acme.BookStore.Application", "sample\Acme.BookStore.Application\Acme.BookStore.Application.csproj", "{320273B6-7AE3-42DA-9675-D9AD4928A289}"
EndProject
Project("{9A19103F-16F7-4668-BE54-9A1E7A4F7556}") = "Acme.BookStore.SqlSugarCore", "sample\Acme.BookStore.SqlSugarCore\Acme.BookStore.SqlSugarCore.csproj", "{70CCBD89-C0A1-4AC8-9AFA-C86C356DFDD7}"
EndProject
Project("{9A19103F-16F7-4668-BE54-9A1E7A4F7556}") = "Yi.Abp.Test", "test\Yi.Abp.Test\Yi.Abp.Test.csproj", "{68627BC2-F049-4C69-AD17-81DF9478E8CE}"
EndProject
Project("{2150E333-8FDC-42A3-9474-1A3956D46DE8}") = "tenant-management", "tenant-management", "{499A8C71-7892-42D0-A77E-48756E1EFF16}"
EndProject
Project("{9A19103F-16F7-4668-BE54-9A1E7A4F7556}") = "Yi.Framework.TenantManagement.SqlSugarCore", "module\tenant-management\Yi.Framework.TenantManagement.SqlSugarCore\Yi.Framework.TenantManagement.SqlSugarCore.csproj", "{FA5BBAA1-08DC-472F-BB2C-5314E59D1556}"
EndProject
Project("{9A19103F-16F7-4668-BE54-9A1E7A4F7556}") = "Yi.Framework.TenantManagement.Domain", "module\tenant-management\Yi.Framework.TenantManagement.Domain\Yi.Framework.TenantManagement.Domain.csproj", "{54D8E2BC-591C-4344-A58E-874D49C00B41}"
EndProject
Project("{9A19103F-16F7-4668-BE54-9A1E7A4F7556}") = "Yi.Framework.AuditLogging.Domain", "module\audit-logging\Yi.Framework.AuditLogging.Domain\Yi.Framework.AuditLogging.Domain.csproj", "{EFD13211-17B5-400A-B99A-9F6F4E520C1E}"
EndProject
Project("{9A19103F-16F7-4668-BE54-9A1E7A4F7556}") = "Yi.Framework.AuditLogging.Domain.Shared", "module\audit-logging\Yi.Framework.AuditLogging.Domain.Shared\Yi.Framework.AuditLogging.Domain.Shared.csproj", "{9C8C3C53-3DCE-4516-867E-228858E61B26}"
EndProject
Project("{9A19103F-16F7-4668-BE54-9A1E7A4F7556}") = "Yi.Framework.TenantManagement.Application", "module\tenant-management\Yi.Framework.TenantManagement.Application\Yi.Framework.TenantManagement.Application.csproj", "{17816837-E53B-486B-B796-53C601FE6CD9}"
EndProject
Project("{9A19103F-16F7-4668-BE54-9A1E7A4F7556}") = "Yi.Framework.TenantManagement.Application.Contracts", "module\tenant-management\Yi.Framework.TenantManagement.Application.Contracts\Yi.Framework.TenantManagement.Application.Contracts.csproj", "{FA735055-CBDD-4EFD-B84B-85810DA1425E}"
EndProject
Project("{2150E333-8FDC-42A3-9474-1A3956D46DE8}") = "code-gen", "code-gen", "{4FFE7212-21F2-476D-B628-3C65E6C5075E}"
EndProject
Project("{9A19103F-16F7-4668-BE54-9A1E7A4F7556}") = "Yi.Framework.CodeGen.Application", "module\code-gen\Yi.Framework.CodeGen.Application\Yi.Framework.CodeGen.Application.csproj", "{97EC40D7-DBFA-467A-98CB-221AF27B14F2}"
EndProject
Project("{9A19103F-16F7-4668-BE54-9A1E7A4F7556}") = "Yi.Framework.CodeGen.Application.Contracts", "module\code-gen\Yi.Framework.CodeGen.Application.Contracts\Yi.Framework.CodeGen.Application.Contracts.csproj", "{882BC563-2F75-4B95-AC96-F4BF23F5E69D}"
EndProject
Project("{9A19103F-16F7-4668-BE54-9A1E7A4F7556}") = "Yi.Framework.CodeGen.Domain", "module\code-gen\Yi.Framework.CodeGen.Domain\Yi.Framework.CodeGen.Domain.csproj", "{85CB8517-2B80-42D8-B954-081079AC9BA0}"
EndProject
Project("{9A19103F-16F7-4668-BE54-9A1E7A4F7556}") = "Yi.Framework.CodeGen.Domain.Shared", "module\code-gen\Yi.Framework.CodeGen.Domain.Shared\Yi.Framework.CodeGen.Domain.Shared.csproj", "{EEFF0F05-2709-4151-A8CE-667935CEAE0B}"
EndProject
Project("{9A19103F-16F7-4668-BE54-9A1E7A4F7556}") = "Yi.Framework.Caching.FreeRedis", "framework\Yi.Framework.Caching.FreeRedis\Yi.Framework.Caching.FreeRedis.csproj", "{862BB0EF-3D4E-44FF-AB15-0EB74CE553D3}"
EndProject
Project("{9A19103F-16F7-4668-BE54-9A1E7A4F7556}") = "Yi.Framework.CodeGen.SqlSugarCore", "module\code-gen\Yi.Framework.CodeGen.SqlSugarCore\Yi.Framework.CodeGen.SqlSugarCore.csproj", "{FB09ACC2-A27D-4D87-8D85-1435FDED4D04}"
EndProject
Project("{2150E333-8FDC-42A3-9474-1A3956D46DE8}") = "client", "client", "{8B27846A-043D-4F2F-8140-5CEC9D1863B5}"
EndProject
Project("{9A19103F-16F7-4668-BE54-9A1E7A4F7556}") = "Yi.Abp.HttpApi.Client", "client\Yi.Abp.HttpApi.Client\Yi.Abp.HttpApi.Client.csproj", "{6B554DCC-3A81-4624-9141-4E39365ADA35}"
EndProject
Project("{9A19103F-16F7-4668-BE54-9A1E7A4F7556}") = "Yi.Abp.Client.Console", "client\Yi.Abp.Client.Console\Yi.Abp.Client.Console.csproj", "{2D23B44A-DFA3-4C36-8516-4F5AE442403C}"
EndProject
Project("{9A19103F-16F7-4668-BE54-9A1E7A4F7556}") = "Yi.Abp.Client.WebApi", "client\Yi.Abp.Client.WebApi\Yi.Abp.Client.WebApi.csproj", "{00E49781-C6A0-491C-86A1-46F685C90915}"
EndProject
Project("{2150E333-8FDC-42A3-9474-1A3956D46DE8}") = "setting-management", "setting-management", "{8C68059E-F3B1-4D28-A1C9-A5830F53E5D3}"
EndProject
Project("{9A19103F-16F7-4668-BE54-9A1E7A4F7556}") = "Yi.Framework.SettingManagement.Domain", "module\setting-management\Yi.Framework.SettingManagement.Domain\Yi.Framework.SettingManagement.Domain.csproj", "{6FEE0EB3-EAD2-47F8-B6FC-3D0FD3CCABFF}"
EndProject
Project("{9A19103F-16F7-4668-BE54-9A1E7A4F7556}") = "Yi.Framework.SettingManagement.SqlSugarCore", "module\setting-management\Yi.Framework.SettingManagement.SqlSugarCore\Yi.Framework.SettingManagement.SqlSugarCore.csproj", "{495C4643-39D4-46E7-BDC8-237589627BE4}"
EndProject
Project("{2150E333-8FDC-42A3-9474-1A3956D46DE8}") = "chat-hub", "chat-hub", "{D8CDDE99-3684-4EED-A5E5-87F2AF4C78AB}"
EndProject
Project("{9A19103F-16F7-4668-BE54-9A1E7A4F7556}") = "Yi.Framework.ChatHub.Application.Contracts", "module\chat-hub\Yi.Framework.ChatHub.Application.Contracts\Yi.Framework.ChatHub.Application.Contracts.csproj", "{65D4D033-5504-44B9-B152-0172ACD64CE6}"
EndProject
Project("{9A19103F-16F7-4668-BE54-9A1E7A4F7556}") = "Yi.Framework.ChatHub.Domain.Shared", "module\chat-hub\Yi.Framework.ChatHub.Domain.Shared\Yi.Framework.ChatHub.Domain.Shared.csproj", "{DEEC0B15-190C-4464-B469-C45C6563C592}"
EndProject
Project("{9A19103F-16F7-4668-BE54-9A1E7A4F7556}") = "Yi.Framework.ChatHub.SqlSugarCore", "module\chat-hub\Yi.Framework.ChatHub.SqlSugarCore\Yi.Framework.ChatHub.SqlSugarCore.csproj", "{E476D266-8FB2-4D6B-AE2B-F0D279D4264E}"
EndProject
Project("{9A19103F-16F7-4668-BE54-9A1E7A4F7556}") = "Yi.Framework.ChatHub.Domain", "module\chat-hub\Yi.Framework.ChatHub.Domain\Yi.Framework.ChatHub.Domain.csproj", "{C2DCA2FD-BFB4-4E76-967B-0AF8CC4F4D47}"
EndProject
Project("{9A19103F-16F7-4668-BE54-9A1E7A4F7556}") = "Yi.Framework.ChatHub.Application", "module\chat-hub\Yi.Framework.ChatHub.Application\Yi.Framework.ChatHub.Application.csproj", "{B7A1A8F3-CFA6-4ECF-A707-0F33FE0A6F1D}"
EndProject
Project("{9A19103F-16F7-4668-BE54-9A1E7A4F7556}") = "Yi.Framework.Rbac.Test", "test\Yi.Framework.Rbac.Test\Yi.Framework.Rbac.Test.csproj", "{9ECF0841-53BE-4FD8-95D1-A7223C7F3A07}"
EndProject
Project("{2150E333-8FDC-42A3-9474-1A3956D46DE8}") = "tool", "tool", "{084CBEEC-5D37-4716-B9C7-D80D6960DFF4}"
EndProject
Project("{9A19103F-16F7-4668-BE54-9A1E7A4F7556}") = "Yi.Abp.Tool", "tool\Yi.Abp.Tool\Yi.Abp.Tool.csproj", "{4FEBBDD9-E4F4-4BAF-8599-E2D57C08A74F}"
EndProject
Project("{9A19103F-16F7-4668-BE54-9A1E7A4F7556}") = "Yi.Abp.Tool.Web", "tool\Yi.Abp.Tool.Web\Yi.Abp.Tool.Web.csproj", "{2CE51D4C-1EF9-462B-BA14-7EA01A7E4AF1}"
EndProject
Project("{9A19103F-16F7-4668-BE54-9A1E7A4F7556}") = "Yi.Abp.Tool.Application", "tool\Yi.Abp.Tool.Application\Yi.Abp.Tool.Application.csproj", "{776590BA-B900-4C8B-986A-5B721FA4B306}"
EndProject
Project("{9A19103F-16F7-4668-BE54-9A1E7A4F7556}") = "Yi.Abp.Tool.Application.Contracts", "tool\Yi.Abp.Tool.Application.Contracts\Yi.Abp.Tool.Application.Contracts.csproj", "{3A3AF1ED-FC7F-48CF-8ACE-9D50426B4675}"
EndProject
Project("{9A19103F-16F7-4668-BE54-9A1E7A4F7556}") = "Yi.Abp.Tool.Domain", "tool\Yi.Abp.Tool.Domain\Yi.Abp.Tool.Domain.csproj", "{68F73B7B-0F8A-41C1-8092-6D6FFAED32F8}"
EndProject
Project("{9A19103F-16F7-4668-BE54-9A1E7A4F7556}") = "Yi.Abp.Tool.Domain.Shared", "tool\Yi.Abp.Tool.Domain.Shared\Yi.Abp.Tool.Domain.Shared.csproj", "{4AE84CDE-2A47-4D68-8E93-86193F72E4E8}"
EndProject
Project("{9A19103F-16F7-4668-BE54-9A1E7A4F7556}") = "Yi.Abp.Tool.HttpApi.Client", "tool\Yi.Abp.Tool.HttpApi.Client\Yi.Abp.Tool.HttpApi.Client.csproj", "{C8F97775-D903-4365-A4FF-3DA97E318CD2}"
EndProject
Project("{FAE04EC0-301F-11D3-BF4B-00C04F79EFBC}") = "Yi.Framework.SettingManagement.Application", "module\setting-management\Yi.Framework.SettingManagement.Application\Yi.Framework.SettingManagement.Application.csproj", "{2A31D7CB-BDCC-4253-BA73-273B6B5E1956}"
EndProject
Global
	GlobalSection(SolutionConfigurationPlatforms) = preSolution
		Debug|Any CPU = Debug|Any CPU
		Release|Any CPU = Release|Any CPU
	EndGlobalSection
	GlobalSection(ProjectConfigurationPlatforms) = postSolution
		{15913E44-DA92-44B9-9AC5-E9457EA34BF5}.Debug|Any CPU.ActiveCfg = Debug|Any CPU
		{15913E44-DA92-44B9-9AC5-E9457EA34BF5}.Debug|Any CPU.Build.0 = Debug|Any CPU
		{15913E44-DA92-44B9-9AC5-E9457EA34BF5}.Release|Any CPU.ActiveCfg = Release|Any CPU
		{15913E44-DA92-44B9-9AC5-E9457EA34BF5}.Release|Any CPU.Build.0 = Release|Any CPU
		{DC431ECC-C75D-4B01-8B79-4861948179BB}.Debug|Any CPU.ActiveCfg = Debug|Any CPU
		{DC431ECC-C75D-4B01-8B79-4861948179BB}.Debug|Any CPU.Build.0 = Debug|Any CPU
		{DC431ECC-C75D-4B01-8B79-4861948179BB}.Release|Any CPU.ActiveCfg = Release|Any CPU
		{DC431ECC-C75D-4B01-8B79-4861948179BB}.Release|Any CPU.Build.0 = Release|Any CPU
		{9A7BBA40-28D6-4900-9E1D-D627A516EE72}.Debug|Any CPU.ActiveCfg = Debug|Any CPU
		{9A7BBA40-28D6-4900-9E1D-D627A516EE72}.Debug|Any CPU.Build.0 = Debug|Any CPU
		{9A7BBA40-28D6-4900-9E1D-D627A516EE72}.Release|Any CPU.ActiveCfg = Release|Any CPU
		{9A7BBA40-28D6-4900-9E1D-D627A516EE72}.Release|Any CPU.Build.0 = Release|Any CPU
		{746DBBD6-23E8-4D5D-9D23-E2902BE338BD}.Debug|Any CPU.ActiveCfg = Debug|Any CPU
		{746DBBD6-23E8-4D5D-9D23-E2902BE338BD}.Debug|Any CPU.Build.0 = Debug|Any CPU
		{746DBBD6-23E8-4D5D-9D23-E2902BE338BD}.Release|Any CPU.ActiveCfg = Release|Any CPU
		{746DBBD6-23E8-4D5D-9D23-E2902BE338BD}.Release|Any CPU.Build.0 = Release|Any CPU
		{51EEBF59-3D37-4681-981D-56F8D8F8968D}.Debug|Any CPU.ActiveCfg = Debug|Any CPU
		{51EEBF59-3D37-4681-981D-56F8D8F8968D}.Debug|Any CPU.Build.0 = Debug|Any CPU
		{51EEBF59-3D37-4681-981D-56F8D8F8968D}.Release|Any CPU.ActiveCfg = Release|Any CPU
		{51EEBF59-3D37-4681-981D-56F8D8F8968D}.Release|Any CPU.Build.0 = Release|Any CPU
		{7B15C198-538A-44ED-A6AA-3A0FEAA1D2BD}.Debug|Any CPU.ActiveCfg = Debug|Any CPU
		{7B15C198-538A-44ED-A6AA-3A0FEAA1D2BD}.Debug|Any CPU.Build.0 = Debug|Any CPU
		{7B15C198-538A-44ED-A6AA-3A0FEAA1D2BD}.Release|Any CPU.ActiveCfg = Release|Any CPU
		{7B15C198-538A-44ED-A6AA-3A0FEAA1D2BD}.Release|Any CPU.Build.0 = Release|Any CPU
		{F4D5A496-BFBE-470B-A05B-CB5823B47E72}.Debug|Any CPU.ActiveCfg = Debug|Any CPU
		{F4D5A496-BFBE-470B-A05B-CB5823B47E72}.Debug|Any CPU.Build.0 = Debug|Any CPU
		{F4D5A496-BFBE-470B-A05B-CB5823B47E72}.Release|Any CPU.ActiveCfg = Release|Any CPU
		{F4D5A496-BFBE-470B-A05B-CB5823B47E72}.Release|Any CPU.Build.0 = Release|Any CPU
		{FD6D6860-3753-4747-8A26-977E4A3001F9}.Debug|Any CPU.ActiveCfg = Debug|Any CPU
		{FD6D6860-3753-4747-8A26-977E4A3001F9}.Debug|Any CPU.Build.0 = Debug|Any CPU
		{FD6D6860-3753-4747-8A26-977E4A3001F9}.Release|Any CPU.ActiveCfg = Release|Any CPU
		{FD6D6860-3753-4747-8A26-977E4A3001F9}.Release|Any CPU.Build.0 = Release|Any CPU
		{ECE874D4-F882-4EF4-84A6-A842D9B8FBC5}.Debug|Any CPU.ActiveCfg = Debug|Any CPU
		{ECE874D4-F882-4EF4-84A6-A842D9B8FBC5}.Debug|Any CPU.Build.0 = Debug|Any CPU
		{ECE874D4-F882-4EF4-84A6-A842D9B8FBC5}.Release|Any CPU.ActiveCfg = Release|Any CPU
		{ECE874D4-F882-4EF4-84A6-A842D9B8FBC5}.Release|Any CPU.Build.0 = Release|Any CPU
		{1995A019-C8AE-467E-B427-ED57D6CBF44F}.Debug|Any CPU.ActiveCfg = Debug|Any CPU
		{1995A019-C8AE-467E-B427-ED57D6CBF44F}.Debug|Any CPU.Build.0 = Debug|Any CPU
		{1995A019-C8AE-467E-B427-ED57D6CBF44F}.Release|Any CPU.ActiveCfg = Release|Any CPU
		{1995A019-C8AE-467E-B427-ED57D6CBF44F}.Release|Any CPU.Build.0 = Release|Any CPU
		{F5011C0D-209B-4A98-BBE3-68157503EEF8}.Debug|Any CPU.ActiveCfg = Debug|Any CPU
		{F5011C0D-209B-4A98-BBE3-68157503EEF8}.Debug|Any CPU.Build.0 = Debug|Any CPU
		{F5011C0D-209B-4A98-BBE3-68157503EEF8}.Release|Any CPU.ActiveCfg = Release|Any CPU
		{F5011C0D-209B-4A98-BBE3-68157503EEF8}.Release|Any CPU.Build.0 = Release|Any CPU
		{0A8296A3-C11F-4F13-8E49-6BC8188D4804}.Debug|Any CPU.ActiveCfg = Debug|Any CPU
		{0A8296A3-C11F-4F13-8E49-6BC8188D4804}.Debug|Any CPU.Build.0 = Debug|Any CPU
		{0A8296A3-C11F-4F13-8E49-6BC8188D4804}.Release|Any CPU.ActiveCfg = Release|Any CPU
		{0A8296A3-C11F-4F13-8E49-6BC8188D4804}.Release|Any CPU.Build.0 = Release|Any CPU
		{F0141C17-0EBD-4261-98D5-1C5B7BC1DFEE}.Debug|Any CPU.ActiveCfg = Debug|Any CPU
		{F0141C17-0EBD-4261-98D5-1C5B7BC1DFEE}.Debug|Any CPU.Build.0 = Debug|Any CPU
		{F0141C17-0EBD-4261-98D5-1C5B7BC1DFEE}.Release|Any CPU.ActiveCfg = Release|Any CPU
		{F0141C17-0EBD-4261-98D5-1C5B7BC1DFEE}.Release|Any CPU.Build.0 = Release|Any CPU
		{1C360956-8CD8-407E-B87F-D0BD57068EB9}.Debug|Any CPU.ActiveCfg = Debug|Any CPU
		{1C360956-8CD8-407E-B87F-D0BD57068EB9}.Debug|Any CPU.Build.0 = Debug|Any CPU
		{1C360956-8CD8-407E-B87F-D0BD57068EB9}.Release|Any CPU.ActiveCfg = Release|Any CPU
		{1C360956-8CD8-407E-B87F-D0BD57068EB9}.Release|Any CPU.Build.0 = Release|Any CPU
		{4F02B08D-5FE2-460D-BCA5-DA565151AE30}.Debug|Any CPU.ActiveCfg = Debug|Any CPU
		{4F02B08D-5FE2-460D-BCA5-DA565151AE30}.Debug|Any CPU.Build.0 = Debug|Any CPU
		{4F02B08D-5FE2-460D-BCA5-DA565151AE30}.Release|Any CPU.ActiveCfg = Release|Any CPU
		{4F02B08D-5FE2-460D-BCA5-DA565151AE30}.Release|Any CPU.Build.0 = Release|Any CPU
		{C04D3F71-1557-46D0-B810-97B1FBB6AB73}.Debug|Any CPU.ActiveCfg = Debug|Any CPU
		{C04D3F71-1557-46D0-B810-97B1FBB6AB73}.Debug|Any CPU.Build.0 = Debug|Any CPU
		{C04D3F71-1557-46D0-B810-97B1FBB6AB73}.Release|Any CPU.ActiveCfg = Release|Any CPU
		{C04D3F71-1557-46D0-B810-97B1FBB6AB73}.Release|Any CPU.Build.0 = Release|Any CPU
		{A2BB899D-4F9A-4184-81BD-94B938E2AB03}.Debug|Any CPU.ActiveCfg = Debug|Any CPU
		{A2BB899D-4F9A-4184-81BD-94B938E2AB03}.Debug|Any CPU.Build.0 = Debug|Any CPU
		{A2BB899D-4F9A-4184-81BD-94B938E2AB03}.Release|Any CPU.ActiveCfg = Release|Any CPU
		{A2BB899D-4F9A-4184-81BD-94B938E2AB03}.Release|Any CPU.Build.0 = Release|Any CPU
		{4503A2F9-139D-4CBC-AF11-689C34F0D77B}.Debug|Any CPU.ActiveCfg = Debug|Any CPU
		{4503A2F9-139D-4CBC-AF11-689C34F0D77B}.Debug|Any CPU.Build.0 = Debug|Any CPU
		{4503A2F9-139D-4CBC-AF11-689C34F0D77B}.Release|Any CPU.ActiveCfg = Release|Any CPU
		{4503A2F9-139D-4CBC-AF11-689C34F0D77B}.Release|Any CPU.Build.0 = Release|Any CPU
		{EB9349E2-256D-41EB-A345-21635A1361B3}.Debug|Any CPU.ActiveCfg = Debug|Any CPU
		{EB9349E2-256D-41EB-A345-21635A1361B3}.Debug|Any CPU.Build.0 = Debug|Any CPU
		{EB9349E2-256D-41EB-A345-21635A1361B3}.Release|Any CPU.ActiveCfg = Release|Any CPU
		{EB9349E2-256D-41EB-A345-21635A1361B3}.Release|Any CPU.Build.0 = Release|Any CPU
		{4EABBC84-BCED-46C1-8CF1-62A7B8081ED7}.Debug|Any CPU.ActiveCfg = Debug|Any CPU
		{4EABBC84-BCED-46C1-8CF1-62A7B8081ED7}.Debug|Any CPU.Build.0 = Debug|Any CPU
		{4EABBC84-BCED-46C1-8CF1-62A7B8081ED7}.Release|Any CPU.ActiveCfg = Release|Any CPU
		{4EABBC84-BCED-46C1-8CF1-62A7B8081ED7}.Release|Any CPU.Build.0 = Release|Any CPU
		{7E569FD9-B1AB-4848-8AB7-FD9EFA1DBA20}.Debug|Any CPU.ActiveCfg = Debug|Any CPU
		{7E569FD9-B1AB-4848-8AB7-FD9EFA1DBA20}.Debug|Any CPU.Build.0 = Debug|Any CPU
		{7E569FD9-B1AB-4848-8AB7-FD9EFA1DBA20}.Release|Any CPU.ActiveCfg = Release|Any CPU
		{7E569FD9-B1AB-4848-8AB7-FD9EFA1DBA20}.Release|Any CPU.Build.0 = Release|Any CPU
		{AD4EE9E6-F4A3-4139-AF05-71388167DE5B}.Debug|Any CPU.ActiveCfg = Debug|Any CPU
		{AD4EE9E6-F4A3-4139-AF05-71388167DE5B}.Debug|Any CPU.Build.0 = Debug|Any CPU
		{AD4EE9E6-F4A3-4139-AF05-71388167DE5B}.Release|Any CPU.ActiveCfg = Release|Any CPU
		{AD4EE9E6-F4A3-4139-AF05-71388167DE5B}.Release|Any CPU.Build.0 = Release|Any CPU
		{6C86BA71-9F87-4E2C-B467-2950D77DCDFA}.Debug|Any CPU.ActiveCfg = Debug|Any CPU
		{6C86BA71-9F87-4E2C-B467-2950D77DCDFA}.Debug|Any CPU.Build.0 = Debug|Any CPU
		{6C86BA71-9F87-4E2C-B467-2950D77DCDFA}.Release|Any CPU.ActiveCfg = Release|Any CPU
		{6C86BA71-9F87-4E2C-B467-2950D77DCDFA}.Release|Any CPU.Build.0 = Release|Any CPU
		{48806510-8E18-4E1E-9BAF-5B97E88C5FC3}.Debug|Any CPU.ActiveCfg = Debug|Any CPU
		{48806510-8E18-4E1E-9BAF-5B97E88C5FC3}.Debug|Any CPU.Build.0 = Debug|Any CPU
		{48806510-8E18-4E1E-9BAF-5B97E88C5FC3}.Release|Any CPU.ActiveCfg = Release|Any CPU
		{48806510-8E18-4E1E-9BAF-5B97E88C5FC3}.Release|Any CPU.Build.0 = Release|Any CPU
		{791AC2FA-50D3-4408-8D68-31DA72F608BE}.Debug|Any CPU.ActiveCfg = Debug|Any CPU
		{791AC2FA-50D3-4408-8D68-31DA72F608BE}.Debug|Any CPU.Build.0 = Debug|Any CPU
		{791AC2FA-50D3-4408-8D68-31DA72F608BE}.Release|Any CPU.ActiveCfg = Release|Any CPU
		{791AC2FA-50D3-4408-8D68-31DA72F608BE}.Release|Any CPU.Build.0 = Release|Any CPU
		{576DBC97-4E5D-4444-B65C-F41649A5F8E0}.Debug|Any CPU.ActiveCfg = Debug|Any CPU
		{576DBC97-4E5D-4444-B65C-F41649A5F8E0}.Debug|Any CPU.Build.0 = Debug|Any CPU
		{576DBC97-4E5D-4444-B65C-F41649A5F8E0}.Release|Any CPU.ActiveCfg = Release|Any CPU
		{576DBC97-4E5D-4444-B65C-F41649A5F8E0}.Release|Any CPU.Build.0 = Release|Any CPU
		{D7F8BD42-F6A2-4F0A-9212-391B5185A99D}.Debug|Any CPU.ActiveCfg = Debug|Any CPU
		{D7F8BD42-F6A2-4F0A-9212-391B5185A99D}.Debug|Any CPU.Build.0 = Debug|Any CPU
		{D7F8BD42-F6A2-4F0A-9212-391B5185A99D}.Release|Any CPU.ActiveCfg = Release|Any CPU
		{D7F8BD42-F6A2-4F0A-9212-391B5185A99D}.Release|Any CPU.Build.0 = Release|Any CPU
		{B615847F-8568-41D1-8B7E-63D61AE69F3D}.Debug|Any CPU.ActiveCfg = Debug|Any CPU
		{B615847F-8568-41D1-8B7E-63D61AE69F3D}.Debug|Any CPU.Build.0 = Debug|Any CPU
		{B615847F-8568-41D1-8B7E-63D61AE69F3D}.Release|Any CPU.ActiveCfg = Release|Any CPU
		{B615847F-8568-41D1-8B7E-63D61AE69F3D}.Release|Any CPU.Build.0 = Release|Any CPU
		{20827DB5-5CDE-491A-82E8-3CAB82618C1E}.Debug|Any CPU.ActiveCfg = Debug|Any CPU
		{20827DB5-5CDE-491A-82E8-3CAB82618C1E}.Debug|Any CPU.Build.0 = Debug|Any CPU
		{20827DB5-5CDE-491A-82E8-3CAB82618C1E}.Release|Any CPU.ActiveCfg = Release|Any CPU
		{20827DB5-5CDE-491A-82E8-3CAB82618C1E}.Release|Any CPU.Build.0 = Release|Any CPU
		{320273B6-7AE3-42DA-9675-D9AD4928A289}.Debug|Any CPU.ActiveCfg = Debug|Any CPU
		{320273B6-7AE3-42DA-9675-D9AD4928A289}.Debug|Any CPU.Build.0 = Debug|Any CPU
		{320273B6-7AE3-42DA-9675-D9AD4928A289}.Release|Any CPU.ActiveCfg = Release|Any CPU
		{320273B6-7AE3-42DA-9675-D9AD4928A289}.Release|Any CPU.Build.0 = Release|Any CPU
		{70CCBD89-C0A1-4AC8-9AFA-C86C356DFDD7}.Debug|Any CPU.ActiveCfg = Debug|Any CPU
		{70CCBD89-C0A1-4AC8-9AFA-C86C356DFDD7}.Debug|Any CPU.Build.0 = Debug|Any CPU
		{70CCBD89-C0A1-4AC8-9AFA-C86C356DFDD7}.Release|Any CPU.ActiveCfg = Release|Any CPU
		{70CCBD89-C0A1-4AC8-9AFA-C86C356DFDD7}.Release|Any CPU.Build.0 = Release|Any CPU
		{68627BC2-F049-4C69-AD17-81DF9478E8CE}.Debug|Any CPU.ActiveCfg = Debug|Any CPU
		{68627BC2-F049-4C69-AD17-81DF9478E8CE}.Debug|Any CPU.Build.0 = Debug|Any CPU
		{68627BC2-F049-4C69-AD17-81DF9478E8CE}.Release|Any CPU.ActiveCfg = Release|Any CPU
		{68627BC2-F049-4C69-AD17-81DF9478E8CE}.Release|Any CPU.Build.0 = Release|Any CPU
		{FA5BBAA1-08DC-472F-BB2C-5314E59D1556}.Debug|Any CPU.ActiveCfg = Debug|Any CPU
		{FA5BBAA1-08DC-472F-BB2C-5314E59D1556}.Debug|Any CPU.Build.0 = Debug|Any CPU
		{FA5BBAA1-08DC-472F-BB2C-5314E59D1556}.Release|Any CPU.ActiveCfg = Release|Any CPU
		{FA5BBAA1-08DC-472F-BB2C-5314E59D1556}.Release|Any CPU.Build.0 = Release|Any CPU
		{54D8E2BC-591C-4344-A58E-874D49C00B41}.Debug|Any CPU.ActiveCfg = Debug|Any CPU
		{54D8E2BC-591C-4344-A58E-874D49C00B41}.Debug|Any CPU.Build.0 = Debug|Any CPU
		{54D8E2BC-591C-4344-A58E-874D49C00B41}.Release|Any CPU.ActiveCfg = Release|Any CPU
		{54D8E2BC-591C-4344-A58E-874D49C00B41}.Release|Any CPU.Build.0 = Release|Any CPU
		{EFD13211-17B5-400A-B99A-9F6F4E520C1E}.Debug|Any CPU.ActiveCfg = Debug|Any CPU
		{EFD13211-17B5-400A-B99A-9F6F4E520C1E}.Debug|Any CPU.Build.0 = Debug|Any CPU
		{EFD13211-17B5-400A-B99A-9F6F4E520C1E}.Release|Any CPU.ActiveCfg = Release|Any CPU
		{EFD13211-17B5-400A-B99A-9F6F4E520C1E}.Release|Any CPU.Build.0 = Release|Any CPU
		{9C8C3C53-3DCE-4516-867E-228858E61B26}.Debug|Any CPU.ActiveCfg = Debug|Any CPU
		{9C8C3C53-3DCE-4516-867E-228858E61B26}.Debug|Any CPU.Build.0 = Debug|Any CPU
		{9C8C3C53-3DCE-4516-867E-228858E61B26}.Release|Any CPU.ActiveCfg = Release|Any CPU
		{9C8C3C53-3DCE-4516-867E-228858E61B26}.Release|Any CPU.Build.0 = Release|Any CPU
		{17816837-E53B-486B-B796-53C601FE6CD9}.Debug|Any CPU.ActiveCfg = Debug|Any CPU
		{17816837-E53B-486B-B796-53C601FE6CD9}.Debug|Any CPU.Build.0 = Debug|Any CPU
		{17816837-E53B-486B-B796-53C601FE6CD9}.Release|Any CPU.ActiveCfg = Release|Any CPU
		{17816837-E53B-486B-B796-53C601FE6CD9}.Release|Any CPU.Build.0 = Release|Any CPU
		{FA735055-CBDD-4EFD-B84B-85810DA1425E}.Debug|Any CPU.ActiveCfg = Debug|Any CPU
		{FA735055-CBDD-4EFD-B84B-85810DA1425E}.Debug|Any CPU.Build.0 = Debug|Any CPU
		{FA735055-CBDD-4EFD-B84B-85810DA1425E}.Release|Any CPU.ActiveCfg = Release|Any CPU
		{FA735055-CBDD-4EFD-B84B-85810DA1425E}.Release|Any CPU.Build.0 = Release|Any CPU
		{97EC40D7-DBFA-467A-98CB-221AF27B14F2}.Debug|Any CPU.ActiveCfg = Debug|Any CPU
		{97EC40D7-DBFA-467A-98CB-221AF27B14F2}.Debug|Any CPU.Build.0 = Debug|Any CPU
		{97EC40D7-DBFA-467A-98CB-221AF27B14F2}.Release|Any CPU.ActiveCfg = Release|Any CPU
		{97EC40D7-DBFA-467A-98CB-221AF27B14F2}.Release|Any CPU.Build.0 = Release|Any CPU
		{882BC563-2F75-4B95-AC96-F4BF23F5E69D}.Debug|Any CPU.ActiveCfg = Debug|Any CPU
		{882BC563-2F75-4B95-AC96-F4BF23F5E69D}.Debug|Any CPU.Build.0 = Debug|Any CPU
		{882BC563-2F75-4B95-AC96-F4BF23F5E69D}.Release|Any CPU.ActiveCfg = Release|Any CPU
		{882BC563-2F75-4B95-AC96-F4BF23F5E69D}.Release|Any CPU.Build.0 = Release|Any CPU
		{85CB8517-2B80-42D8-B954-081079AC9BA0}.Debug|Any CPU.ActiveCfg = Debug|Any CPU
		{85CB8517-2B80-42D8-B954-081079AC9BA0}.Debug|Any CPU.Build.0 = Debug|Any CPU
		{85CB8517-2B80-42D8-B954-081079AC9BA0}.Release|Any CPU.ActiveCfg = Release|Any CPU
		{85CB8517-2B80-42D8-B954-081079AC9BA0}.Release|Any CPU.Build.0 = Release|Any CPU
		{EEFF0F05-2709-4151-A8CE-667935CEAE0B}.Debug|Any CPU.ActiveCfg = Debug|Any CPU
		{EEFF0F05-2709-4151-A8CE-667935CEAE0B}.Debug|Any CPU.Build.0 = Debug|Any CPU
		{EEFF0F05-2709-4151-A8CE-667935CEAE0B}.Release|Any CPU.ActiveCfg = Release|Any CPU
		{EEFF0F05-2709-4151-A8CE-667935CEAE0B}.Release|Any CPU.Build.0 = Release|Any CPU
		{862BB0EF-3D4E-44FF-AB15-0EB74CE553D3}.Debug|Any CPU.ActiveCfg = Debug|Any CPU
		{862BB0EF-3D4E-44FF-AB15-0EB74CE553D3}.Debug|Any CPU.Build.0 = Debug|Any CPU
		{862BB0EF-3D4E-44FF-AB15-0EB74CE553D3}.Release|Any CPU.ActiveCfg = Release|Any CPU
		{862BB0EF-3D4E-44FF-AB15-0EB74CE553D3}.Release|Any CPU.Build.0 = Release|Any CPU
		{FB09ACC2-A27D-4D87-8D85-1435FDED4D04}.Debug|Any CPU.ActiveCfg = Debug|Any CPU
		{FB09ACC2-A27D-4D87-8D85-1435FDED4D04}.Debug|Any CPU.Build.0 = Debug|Any CPU
		{FB09ACC2-A27D-4D87-8D85-1435FDED4D04}.Release|Any CPU.ActiveCfg = Release|Any CPU
		{FB09ACC2-A27D-4D87-8D85-1435FDED4D04}.Release|Any CPU.Build.0 = Release|Any CPU
		{6B554DCC-3A81-4624-9141-4E39365ADA35}.Debug|Any CPU.ActiveCfg = Debug|Any CPU
		{6B554DCC-3A81-4624-9141-4E39365ADA35}.Debug|Any CPU.Build.0 = Debug|Any CPU
		{6B554DCC-3A81-4624-9141-4E39365ADA35}.Release|Any CPU.ActiveCfg = Release|Any CPU
		{6B554DCC-3A81-4624-9141-4E39365ADA35}.Release|Any CPU.Build.0 = Release|Any CPU
		{2D23B44A-DFA3-4C36-8516-4F5AE442403C}.Debug|Any CPU.ActiveCfg = Debug|Any CPU
		{2D23B44A-DFA3-4C36-8516-4F5AE442403C}.Debug|Any CPU.Build.0 = Debug|Any CPU
		{2D23B44A-DFA3-4C36-8516-4F5AE442403C}.Release|Any CPU.ActiveCfg = Release|Any CPU
		{2D23B44A-DFA3-4C36-8516-4F5AE442403C}.Release|Any CPU.Build.0 = Release|Any CPU
		{00E49781-C6A0-491C-86A1-46F685C90915}.Debug|Any CPU.ActiveCfg = Debug|Any CPU
		{00E49781-C6A0-491C-86A1-46F685C90915}.Debug|Any CPU.Build.0 = Debug|Any CPU
		{00E49781-C6A0-491C-86A1-46F685C90915}.Release|Any CPU.ActiveCfg = Release|Any CPU
		{00E49781-C6A0-491C-86A1-46F685C90915}.Release|Any CPU.Build.0 = Release|Any CPU
		{6FEE0EB3-EAD2-47F8-B6FC-3D0FD3CCABFF}.Debug|Any CPU.ActiveCfg = Debug|Any CPU
		{6FEE0EB3-EAD2-47F8-B6FC-3D0FD3CCABFF}.Debug|Any CPU.Build.0 = Debug|Any CPU
		{6FEE0EB3-EAD2-47F8-B6FC-3D0FD3CCABFF}.Release|Any CPU.ActiveCfg = Release|Any CPU
		{6FEE0EB3-EAD2-47F8-B6FC-3D0FD3CCABFF}.Release|Any CPU.Build.0 = Release|Any CPU
		{495C4643-39D4-46E7-BDC8-237589627BE4}.Debug|Any CPU.ActiveCfg = Debug|Any CPU
		{495C4643-39D4-46E7-BDC8-237589627BE4}.Debug|Any CPU.Build.0 = Debug|Any CPU
		{495C4643-39D4-46E7-BDC8-237589627BE4}.Release|Any CPU.ActiveCfg = Release|Any CPU
		{495C4643-39D4-46E7-BDC8-237589627BE4}.Release|Any CPU.Build.0 = Release|Any CPU
		{65D4D033-5504-44B9-B152-0172ACD64CE6}.Debug|Any CPU.ActiveCfg = Debug|Any CPU
		{65D4D033-5504-44B9-B152-0172ACD64CE6}.Debug|Any CPU.Build.0 = Debug|Any CPU
		{65D4D033-5504-44B9-B152-0172ACD64CE6}.Release|Any CPU.ActiveCfg = Release|Any CPU
		{65D4D033-5504-44B9-B152-0172ACD64CE6}.Release|Any CPU.Build.0 = Release|Any CPU
		{DEEC0B15-190C-4464-B469-C45C6563C592}.Debug|Any CPU.ActiveCfg = Debug|Any CPU
		{DEEC0B15-190C-4464-B469-C45C6563C592}.Debug|Any CPU.Build.0 = Debug|Any CPU
		{DEEC0B15-190C-4464-B469-C45C6563C592}.Release|Any CPU.ActiveCfg = Release|Any CPU
		{DEEC0B15-190C-4464-B469-C45C6563C592}.Release|Any CPU.Build.0 = Release|Any CPU
		{E476D266-8FB2-4D6B-AE2B-F0D279D4264E}.Debug|Any CPU.ActiveCfg = Debug|Any CPU
		{E476D266-8FB2-4D6B-AE2B-F0D279D4264E}.Debug|Any CPU.Build.0 = Debug|Any CPU
		{E476D266-8FB2-4D6B-AE2B-F0D279D4264E}.Release|Any CPU.ActiveCfg = Release|Any CPU
		{E476D266-8FB2-4D6B-AE2B-F0D279D4264E}.Release|Any CPU.Build.0 = Release|Any CPU
		{C2DCA2FD-BFB4-4E76-967B-0AF8CC4F4D47}.Debug|Any CPU.ActiveCfg = Debug|Any CPU
		{C2DCA2FD-BFB4-4E76-967B-0AF8CC4F4D47}.Debug|Any CPU.Build.0 = Debug|Any CPU
		{C2DCA2FD-BFB4-4E76-967B-0AF8CC4F4D47}.Release|Any CPU.ActiveCfg = Release|Any CPU
		{C2DCA2FD-BFB4-4E76-967B-0AF8CC4F4D47}.Release|Any CPU.Build.0 = Release|Any CPU
		{B7A1A8F3-CFA6-4ECF-A707-0F33FE0A6F1D}.Debug|Any CPU.ActiveCfg = Debug|Any CPU
		{B7A1A8F3-CFA6-4ECF-A707-0F33FE0A6F1D}.Debug|Any CPU.Build.0 = Debug|Any CPU
		{B7A1A8F3-CFA6-4ECF-A707-0F33FE0A6F1D}.Release|Any CPU.ActiveCfg = Release|Any CPU
		{B7A1A8F3-CFA6-4ECF-A707-0F33FE0A6F1D}.Release|Any CPU.Build.0 = Release|Any CPU
		{9ECF0841-53BE-4FD8-95D1-A7223C7F3A07}.Debug|Any CPU.ActiveCfg = Debug|Any CPU
		{9ECF0841-53BE-4FD8-95D1-A7223C7F3A07}.Debug|Any CPU.Build.0 = Debug|Any CPU
		{9ECF0841-53BE-4FD8-95D1-A7223C7F3A07}.Release|Any CPU.ActiveCfg = Release|Any CPU
		{9ECF0841-53BE-4FD8-95D1-A7223C7F3A07}.Release|Any CPU.Build.0 = Release|Any CPU
		{4FEBBDD9-E4F4-4BAF-8599-E2D57C08A74F}.Debug|Any CPU.ActiveCfg = Debug|Any CPU
		{4FEBBDD9-E4F4-4BAF-8599-E2D57C08A74F}.Debug|Any CPU.Build.0 = Debug|Any CPU
		{4FEBBDD9-E4F4-4BAF-8599-E2D57C08A74F}.Release|Any CPU.ActiveCfg = Release|Any CPU
		{4FEBBDD9-E4F4-4BAF-8599-E2D57C08A74F}.Release|Any CPU.Build.0 = Release|Any CPU
		{2CE51D4C-1EF9-462B-BA14-7EA01A7E4AF1}.Debug|Any CPU.ActiveCfg = Debug|Any CPU
		{2CE51D4C-1EF9-462B-BA14-7EA01A7E4AF1}.Debug|Any CPU.Build.0 = Debug|Any CPU
		{2CE51D4C-1EF9-462B-BA14-7EA01A7E4AF1}.Release|Any CPU.ActiveCfg = Release|Any CPU
		{2CE51D4C-1EF9-462B-BA14-7EA01A7E4AF1}.Release|Any CPU.Build.0 = Release|Any CPU
		{776590BA-B900-4C8B-986A-5B721FA4B306}.Debug|Any CPU.ActiveCfg = Debug|Any CPU
		{776590BA-B900-4C8B-986A-5B721FA4B306}.Debug|Any CPU.Build.0 = Debug|Any CPU
		{776590BA-B900-4C8B-986A-5B721FA4B306}.Release|Any CPU.ActiveCfg = Release|Any CPU
		{776590BA-B900-4C8B-986A-5B721FA4B306}.Release|Any CPU.Build.0 = Release|Any CPU
		{3A3AF1ED-FC7F-48CF-8ACE-9D50426B4675}.Debug|Any CPU.ActiveCfg = Debug|Any CPU
		{3A3AF1ED-FC7F-48CF-8ACE-9D50426B4675}.Debug|Any CPU.Build.0 = Debug|Any CPU
		{3A3AF1ED-FC7F-48CF-8ACE-9D50426B4675}.Release|Any CPU.ActiveCfg = Release|Any CPU
		{3A3AF1ED-FC7F-48CF-8ACE-9D50426B4675}.Release|Any CPU.Build.0 = Release|Any CPU
		{68F73B7B-0F8A-41C1-8092-6D6FFAED32F8}.Debug|Any CPU.ActiveCfg = Debug|Any CPU
		{68F73B7B-0F8A-41C1-8092-6D6FFAED32F8}.Debug|Any CPU.Build.0 = Debug|Any CPU
		{68F73B7B-0F8A-41C1-8092-6D6FFAED32F8}.Release|Any CPU.ActiveCfg = Release|Any CPU
		{68F73B7B-0F8A-41C1-8092-6D6FFAED32F8}.Release|Any CPU.Build.0 = Release|Any CPU
		{4AE84CDE-2A47-4D68-8E93-86193F72E4E8}.Debug|Any CPU.ActiveCfg = Debug|Any CPU
		{4AE84CDE-2A47-4D68-8E93-86193F72E4E8}.Debug|Any CPU.Build.0 = Debug|Any CPU
		{4AE84CDE-2A47-4D68-8E93-86193F72E4E8}.Release|Any CPU.ActiveCfg = Release|Any CPU
		{4AE84CDE-2A47-4D68-8E93-86193F72E4E8}.Release|Any CPU.Build.0 = Release|Any CPU
		{C8F97775-D903-4365-A4FF-3DA97E318CD2}.Debug|Any CPU.ActiveCfg = Debug|Any CPU
		{C8F97775-D903-4365-A4FF-3DA97E318CD2}.Debug|Any CPU.Build.0 = Debug|Any CPU
		{C8F97775-D903-4365-A4FF-3DA97E318CD2}.Release|Any CPU.ActiveCfg = Release|Any CPU
		{C8F97775-D903-4365-A4FF-3DA97E318CD2}.Release|Any CPU.Build.0 = Release|Any CPU
		{2A31D7CB-BDCC-4253-BA73-273B6B5E1956}.Debug|Any CPU.ActiveCfg = Debug|Any CPU
		{2A31D7CB-BDCC-4253-BA73-273B6B5E1956}.Debug|Any CPU.Build.0 = Debug|Any CPU
		{2A31D7CB-BDCC-4253-BA73-273B6B5E1956}.Release|Any CPU.ActiveCfg = Release|Any CPU
		{2A31D7CB-BDCC-4253-BA73-273B6B5E1956}.Release|Any CPU.Build.0 = Release|Any CPU
	EndGlobalSection
	GlobalSection(SolutionProperties) = preSolution
		HideSolutionNode = FALSE
	EndGlobalSection
	GlobalSection(NestedProjects) = preSolution
		{15913E44-DA92-44B9-9AC5-E9457EA34BF5} = {B782C78B-6C17-49E6-A237-3383BA720766}
		{DC431ECC-C75D-4B01-8B79-4861948179BB} = {77B949E9-530E-45A5-9657-20F7D5C6875C}
		{9A7BBA40-28D6-4900-9E1D-D627A516EE72} = {B782C78B-6C17-49E6-A237-3383BA720766}
		{746DBBD6-23E8-4D5D-9D23-E2902BE338BD} = {B782C78B-6C17-49E6-A237-3383BA720766}
		{51EEBF59-3D37-4681-981D-56F8D8F8968D} = {B782C78B-6C17-49E6-A237-3383BA720766}
		{7B15C198-538A-44ED-A6AA-3A0FEAA1D2BD} = {B782C78B-6C17-49E6-A237-3383BA720766}
		{F4D5A496-BFBE-470B-A05B-CB5823B47E72} = {B782C78B-6C17-49E6-A237-3383BA720766}
		{FD6D6860-3753-4747-8A26-977E4A3001F9} = {77B949E9-530E-45A5-9657-20F7D5C6875C}
		{ECE874D4-F882-4EF4-84A6-A842D9B8FBC5} = {77B949E9-530E-45A5-9657-20F7D5C6875C}
		{1995A019-C8AE-467E-B427-ED57D6CBF44F} = {77B949E9-530E-45A5-9657-20F7D5C6875C}
		{F5011C0D-209B-4A98-BBE3-68157503EEF8} = {77B949E9-530E-45A5-9657-20F7D5C6875C}
		{0A8296A3-C11F-4F13-8E49-6BC8188D4804} = {77B949E9-530E-45A5-9657-20F7D5C6875C}
		{F0141C17-0EBD-4261-98D5-1C5B7BC1DFEE} = {77B949E9-530E-45A5-9657-20F7D5C6875C}
		{9CC7A457-1236-40BA-B47B-E7B710A3F061} = {2317227D-7796-4E7B-BEDB-7CD1CAE7B853}
		{1C360956-8CD8-407E-B87F-D0BD57068EB9} = {9CC7A457-1236-40BA-B47B-E7B710A3F061}
		{4F02B08D-5FE2-460D-BCA5-DA565151AE30} = {9CC7A457-1236-40BA-B47B-E7B710A3F061}
		{C04D3F71-1557-46D0-B810-97B1FBB6AB73} = {9CC7A457-1236-40BA-B47B-E7B710A3F061}
		{A2BB899D-4F9A-4184-81BD-94B938E2AB03} = {9CC7A457-1236-40BA-B47B-E7B710A3F061}
		{4503A2F9-139D-4CBC-AF11-689C34F0D77B} = {9CC7A457-1236-40BA-B47B-E7B710A3F061}
		{E902A945-4F41-4E96-A0DA-9F66CDA22261} = {2317227D-7796-4E7B-BEDB-7CD1CAE7B853}
		{EB9349E2-256D-41EB-A345-21635A1361B3} = {E902A945-4F41-4E96-A0DA-9F66CDA22261}
		{4EABBC84-BCED-46C1-8CF1-62A7B8081ED7} = {E902A945-4F41-4E96-A0DA-9F66CDA22261}
		{7E569FD9-B1AB-4848-8AB7-FD9EFA1DBA20} = {E902A945-4F41-4E96-A0DA-9F66CDA22261}
		{AD4EE9E6-F4A3-4139-AF05-71388167DE5B} = {E902A945-4F41-4E96-A0DA-9F66CDA22261}
		{6C86BA71-9F87-4E2C-B467-2950D77DCDFA} = {E902A945-4F41-4E96-A0DA-9F66CDA22261}
		{73CCF2C4-B9FD-44AB-8D4B-0A421805B094} = {2317227D-7796-4E7B-BEDB-7CD1CAE7B853}
		{48806510-8E18-4E1E-9BAF-5B97E88C5FC3} = {73CCF2C4-B9FD-44AB-8D4B-0A421805B094}
		{791AC2FA-50D3-4408-8D68-31DA72F608BE} = {77B949E9-530E-45A5-9657-20F7D5C6875C}
		{576DBC97-4E5D-4444-B65C-F41649A5F8E0} = {01300F0F-686E-47B3-821D-12424177867B}
		{D7F8BD42-F6A2-4F0A-9212-391B5185A99D} = {01300F0F-686E-47B3-821D-12424177867B}
		{B615847F-8568-41D1-8B7E-63D61AE69F3D} = {01300F0F-686E-47B3-821D-12424177867B}
		{20827DB5-5CDE-491A-82E8-3CAB82618C1E} = {01300F0F-686E-47B3-821D-12424177867B}
		{320273B6-7AE3-42DA-9675-D9AD4928A289} = {01300F0F-686E-47B3-821D-12424177867B}
		{70CCBD89-C0A1-4AC8-9AFA-C86C356DFDD7} = {01300F0F-686E-47B3-821D-12424177867B}
		{68627BC2-F049-4C69-AD17-81DF9478E8CE} = {0D10EEF2-FBAE-4C72-B816-A52823FC299B}
		{499A8C71-7892-42D0-A77E-48756E1EFF16} = {2317227D-7796-4E7B-BEDB-7CD1CAE7B853}
		{FA5BBAA1-08DC-472F-BB2C-5314E59D1556} = {499A8C71-7892-42D0-A77E-48756E1EFF16}
		{54D8E2BC-591C-4344-A58E-874D49C00B41} = {499A8C71-7892-42D0-A77E-48756E1EFF16}
		{EFD13211-17B5-400A-B99A-9F6F4E520C1E} = {73CCF2C4-B9FD-44AB-8D4B-0A421805B094}
		{9C8C3C53-3DCE-4516-867E-228858E61B26} = {73CCF2C4-B9FD-44AB-8D4B-0A421805B094}
		{17816837-E53B-486B-B796-53C601FE6CD9} = {499A8C71-7892-42D0-A77E-48756E1EFF16}
		{FA735055-CBDD-4EFD-B84B-85810DA1425E} = {499A8C71-7892-42D0-A77E-48756E1EFF16}
		{4FFE7212-21F2-476D-B628-3C65E6C5075E} = {2317227D-7796-4E7B-BEDB-7CD1CAE7B853}
		{97EC40D7-DBFA-467A-98CB-221AF27B14F2} = {4FFE7212-21F2-476D-B628-3C65E6C5075E}
		{882BC563-2F75-4B95-AC96-F4BF23F5E69D} = {4FFE7212-21F2-476D-B628-3C65E6C5075E}
		{85CB8517-2B80-42D8-B954-081079AC9BA0} = {4FFE7212-21F2-476D-B628-3C65E6C5075E}
		{EEFF0F05-2709-4151-A8CE-667935CEAE0B} = {4FFE7212-21F2-476D-B628-3C65E6C5075E}
		{862BB0EF-3D4E-44FF-AB15-0EB74CE553D3} = {77B949E9-530E-45A5-9657-20F7D5C6875C}
		{FB09ACC2-A27D-4D87-8D85-1435FDED4D04} = {4FFE7212-21F2-476D-B628-3C65E6C5075E}
		{6B554DCC-3A81-4624-9141-4E39365ADA35} = {8B27846A-043D-4F2F-8140-5CEC9D1863B5}
		{2D23B44A-DFA3-4C36-8516-4F5AE442403C} = {8B27846A-043D-4F2F-8140-5CEC9D1863B5}
		{00E49781-C6A0-491C-86A1-46F685C90915} = {8B27846A-043D-4F2F-8140-5CEC9D1863B5}
		{8C68059E-F3B1-4D28-A1C9-A5830F53E5D3} = {2317227D-7796-4E7B-BEDB-7CD1CAE7B853}
		{6FEE0EB3-EAD2-47F8-B6FC-3D0FD3CCABFF} = {8C68059E-F3B1-4D28-A1C9-A5830F53E5D3}
		{495C4643-39D4-46E7-BDC8-237589627BE4} = {8C68059E-F3B1-4D28-A1C9-A5830F53E5D3}
		{D8CDDE99-3684-4EED-A5E5-87F2AF4C78AB} = {2317227D-7796-4E7B-BEDB-7CD1CAE7B853}
		{65D4D033-5504-44B9-B152-0172ACD64CE6} = {D8CDDE99-3684-4EED-A5E5-87F2AF4C78AB}
		{DEEC0B15-190C-4464-B469-C45C6563C592} = {D8CDDE99-3684-4EED-A5E5-87F2AF4C78AB}
		{E476D266-8FB2-4D6B-AE2B-F0D279D4264E} = {D8CDDE99-3684-4EED-A5E5-87F2AF4C78AB}
		{C2DCA2FD-BFB4-4E76-967B-0AF8CC4F4D47} = {D8CDDE99-3684-4EED-A5E5-87F2AF4C78AB}
		{B7A1A8F3-CFA6-4ECF-A707-0F33FE0A6F1D} = {D8CDDE99-3684-4EED-A5E5-87F2AF4C78AB}
		{9ECF0841-53BE-4FD8-95D1-A7223C7F3A07} = {0D10EEF2-FBAE-4C72-B816-A52823FC299B}
		{4FEBBDD9-E4F4-4BAF-8599-E2D57C08A74F} = {084CBEEC-5D37-4716-B9C7-D80D6960DFF4}
		{2CE51D4C-1EF9-462B-BA14-7EA01A7E4AF1} = {084CBEEC-5D37-4716-B9C7-D80D6960DFF4}
		{776590BA-B900-4C8B-986A-5B721FA4B306} = {084CBEEC-5D37-4716-B9C7-D80D6960DFF4}
		{3A3AF1ED-FC7F-48CF-8ACE-9D50426B4675} = {084CBEEC-5D37-4716-B9C7-D80D6960DFF4}
		{68F73B7B-0F8A-41C1-8092-6D6FFAED32F8} = {084CBEEC-5D37-4716-B9C7-D80D6960DFF4}
		{4AE84CDE-2A47-4D68-8E93-86193F72E4E8} = {084CBEEC-5D37-4716-B9C7-D80D6960DFF4}
		{C8F97775-D903-4365-A4FF-3DA97E318CD2} = {084CBEEC-5D37-4716-B9C7-D80D6960DFF4}
		{2A31D7CB-BDCC-4253-BA73-273B6B5E1956} = {8C68059E-F3B1-4D28-A1C9-A5830F53E5D3}
	EndGlobalSection
	GlobalSection(ExtensibilityGlobals) = postSolution
		SolutionGuid = {23D6FBC9-C970-4641-BC1E-2AEA59F51C18}
	EndGlobalSection
EndGlobal
